
Microsoft Visual Studio Solution File, Format Version 12.00
# Visual Studio 2017
Project("{FAE04EC0-301F-11D3-BF4B-00C04F79EFBC}") = "NeuralBots", "NeuralBots.csproj", "{0FC073DA-1BBA-9EB8-FDDF-B040E4970476}"
EndProject
Project("{FAE04EC0-301F-11D3-BF4B-00C04F79EFBC}") = "NeuralBots.Plugins", "NeuralBots.Plugins.csproj", "{867C59FD-AF46-8B00-6A2F-64E08E629C2D}"
EndProject
Project("{FAE04EC0-301F-11D3-BF4B-00C04F79EFBC}") = "NeuralBots.Editor.Plugins", "NeuralBots.Editor.Plugins.csproj", "{D374266F-C52D-7280-ACBD-333AC498627A}"
EndProject
Project("{FAE04EC0-301F-11D3-BF4B-00C04F79EFBC}") = "Unity.PackageManagerUI.Editor", "Unity.PackageManagerUI.Editor.csproj", "{6877705C-FBD9-0C4F-5AFB-6FB431E5D39D}"
EndProject
Project("{FAE04EC0-301F-11D3-BF4B-00C04F79EFBC}") = "UnityEditor.StandardEvents", "UnityEditor.StandardEvents.csproj", "{6800202F-4402-D405-F8CB-03DC7BD78B92}"
EndProject
Global
	GlobalSection(SolutionConfigurationPlatforms) = preSolution
		Debug|Any CPU = Debug|Any CPU
		Release|Any CPU = Release|Any CPU
	EndGlobalSection
	GlobalSection(ProjectConfigurationPlatforms) = postSolution
		{0FC073DA-1BBA-9EB8-FDDF-B040E4970476}.Debug|Any CPU.ActiveCfg = Debug|Any CPU
		{0FC073DA-1BBA-9EB8-FDDF-B040E4970476}.Debug|Any CPU.Build.0 = Debug|Any CPU
		{0FC073DA-1BBA-9EB8-FDDF-B040E4970476}.Release|Any CPU.ActiveCfg = Release|Any CPU
		{0FC073DA-1BBA-9EB8-FDDF-B040E4970476}.Release|Any CPU.Build.0 = Release|Any CPU
		{867C59FD-AF46-8B00-6A2F-64E08E629C2D}.Debug|Any CPU.ActiveCfg = Debug|Any CPU
		{867C59FD-AF46-8B00-6A2F-64E08E629C2D}.Debug|Any CPU.Build.0 = Debug|Any CPU
		{867C59FD-AF46-8B00-6A2F-64E08E629C2D}.Release|Any CPU.ActiveCfg = Release|Any CPU
		{867C59FD-AF46-8B00-6A2F-64E08E629C2D}.Release|Any CPU.Build.0 = Release|Any CPU
		{D374266F-C52D-7280-ACBD-333AC498627A}.Debug|Any CPU.ActiveCfg = Debug|Any CPU
		{D374266F-C52D-7280-ACBD-333AC498627A}.Debug|Any CPU.Build.0 = Debug|Any CPU
		{D374266F-C52D-7280-ACBD-333AC498627A}.Release|Any CPU.ActiveCfg = Release|Any CPU
		{D374266F-C52D-7280-ACBD-333AC498627A}.Release|Any CPU.Build.0 = Release|Any CPU
		{6877705C-FBD9-0C4F-5AFB-6FB431E5D39D}.Debug|Any CPU.ActiveCfg = Debug|Any CPU
		{6877705C-FBD9-0C4F-5AFB-6FB431E5D39D}.Debug|Any CPU.Build.0 = Debug|Any CPU
		{6877705C-FBD9-0C4F-5AFB-6FB431E5D39D}.Release|Any CPU.ActiveCfg = Release|Any CPU
		{6877705C-FBD9-0C4F-5AFB-6FB431E5D39D}.Release|Any CPU.Build.0 = Release|Any CPU
		{6800202F-4402-D405-F8CB-03DC7BD78B92}.Debug|Any CPU.ActiveCfg = Debug|Any CPU
		{6800202F-4402-D405-F8CB-03DC7BD78B92}.Debug|Any CPU.Build.0 = Debug|Any CPU
		{6800202F-4402-D405-F8CB-03DC7BD78B92}.Release|Any CPU.ActiveCfg = Release|Any CPU
		{6800202F-4402-D405-F8CB-03DC7BD78B92}.Release|Any CPU.Build.0 = Release|Any CPU
	EndGlobalSection
	GlobalSection(SolutionProperties) = preSolution
		HideSolutionNode = FALSE
	EndGlobalSection
EndGlobal
